
Microsoft Visual Studio Solution File, Format Version 11.00
# Visual Studio 2010
Project("{FAE04EC0-301F-11D3-BF4B-00C04F79EFBC}") = "OfflineExample", "OfflineExample\OfflineExample.csproj", "{D673E204-BD95-491A-8EFB-6AEB4E2113C4}"
EndProject
Project("{2150E333-8FDC-42A3-9474-1A3956D46DE8}") = "Items", "Items", "{F72FF1E8-8439-4A3C-A342-552C71984653}"
	ProjectSection(SolutionItems) = preProject
		CommandPrompt.bat = CommandPrompt.bat
		default.build = default.build
		JasmineGuiRunner.html = JasmineGuiRunner.html
		NCoverExplorer.bat = NCoverExplorer.bat
		NUnitGui.bat = NUnitGui.bat
		OfflineExample.nunit = OfflineExample.nunit
		..\readme.md = ..\readme.md
	EndProjectSection
EndProject
Project("{FAE04EC0-301F-11D3-BF4B-00C04F79EFBC}") = "OfflineExample.Test", "OfflineExample.Test\OfflineExample.Test.csproj", "{F5C789AD-17A3-4CDF-A1A7-AE738F65CA10}"
EndProject
Project("{FAE04EC0-301F-11D3-BF4B-00C04F79EFBC}") = "Domain.Test", "Domain.Test\Domain.Test.csproj", "{CED68996-734D-446D-A455-7DC735136398}"
EndProject
Project("{FAE04EC0-301F-11D3-BF4B-00C04F79EFBC}") = "Domain", "Domain\Domain.csproj", "{99060DB0-4CE9-4414-950A-108D5A328BB8}"
EndProject
Global
	GlobalSection(SolutionConfigurationPlatforms) = preSolution
		Debug|Any CPU = Debug|Any CPU
		Release|Any CPU = Release|Any CPU
	EndGlobalSection
	GlobalSection(ProjectConfigurationPlatforms) = postSolution
		{D673E204-BD95-491A-8EFB-6AEB4E2113C4}.Debug|Any CPU.ActiveCfg = Debug|Any CPU
		{D673E204-BD95-491A-8EFB-6AEB4E2113C4}.Debug|Any CPU.Build.0 = Debug|Any CPU
		{D673E204-BD95-491A-8EFB-6AEB4E2113C4}.Release|Any CPU.ActiveCfg = Release|Any CPU
		{D673E204-BD95-491A-8EFB-6AEB4E2113C4}.Release|Any CPU.Build.0 = Release|Any CPU
		{F5C789AD-17A3-4CDF-A1A7-AE738F65CA10}.Debug|Any CPU.ActiveCfg = Debug|Any CPU
		{F5C789AD-17A3-4CDF-A1A7-AE738F65CA10}.Debug|Any CPU.Build.0 = Debug|Any CPU
		{F5C789AD-17A3-4CDF-A1A7-AE738F65CA10}.Release|Any CPU.ActiveCfg = Release|Any CPU
		{F5C789AD-17A3-4CDF-A1A7-AE738F65CA10}.Release|Any CPU.Build.0 = Release|Any CPU
		{CED68996-734D-446D-A455-7DC735136398}.Debug|Any CPU.ActiveCfg = Debug|Any CPU
		{CED68996-734D-446D-A455-7DC735136398}.Debug|Any CPU.Build.0 = Debug|Any CPU
		{CED68996-734D-446D-A455-7DC735136398}.Release|Any CPU.ActiveCfg = Release|Any CPU
		{CED68996-734D-446D-A455-7DC735136398}.Release|Any CPU.Build.0 = Release|Any CPU
		{99060DB0-4CE9-4414-950A-108D5A328BB8}.Debug|Any CPU.ActiveCfg = Debug|Any CPU
		{99060DB0-4CE9-4414-950A-108D5A328BB8}.Debug|Any CPU.Build.0 = Debug|Any CPU
		{99060DB0-4CE9-4414-950A-108D5A328BB8}.Release|Any CPU.ActiveCfg = Release|Any CPU
		{99060DB0-4CE9-4414-950A-108D5A328BB8}.Release|Any CPU.Build.0 = Release|Any CPU
	EndGlobalSection
	GlobalSection(SolutionProperties) = preSolution
		HideSolutionNode = FALSE
	EndGlobalSection
EndGlobal
